
Microsoft Visual Studio Solution File, Format Version 12.00
# Visual Studio 2013
VisualStudioVersion = 12.0.31101.0
MinimumVisualStudioVersion = 10.0.40219.1
Project("{2150E333-8FDC-42A3-9474-1A3956D46DE8}") = "Solution Items", "Solution Items", "{4D25410E-54B8-40A9-A0E0-5FDAFE4216B5}"
	ProjectSection(SolutionItems) = preProject
		devenv\devenv-trusty.sh = devenv\devenv-trusty.sh
		Makefile = Makefile
	EndProjectSection
EndProject
Project("{8BC9CEB8-8B4A-11D0-8D11-00A0C91BC942}") = "icezmq-cli", "src\icezmq-cli\icezmq-cli.vcxproj", "{409FA7C8-021F-4EDA-A0B6-123F32FCA8D2}"
EndProject
Project("{8BC9CEB8-8B4A-11D0-8D11-00A0C91BC942}") = "icezmq-svr", "src\icezmq-svr\icezmq-svr.vcxproj", "{4969101E-034D-4EF2-8403-F63B8D4FC851}"
EndProject
Global
	GlobalSection(SolutionConfigurationPlatforms) = preSolution
		Debug|Win32 = Debug|Win32
		Debug|x64 = Debug|x64
		Release|Win32 = Release|Win32
		Release|x64 = Release|x64
	EndGlobalSection
	GlobalSection(ProjectConfigurationPlatforms) = postSolution
		{409FA7C8-021F-4EDA-A0B6-123F32FCA8D2}.Debug|Win32.ActiveCfg = Debug|Win32
		{409FA7C8-021F-4EDA-A0B6-123F32FCA8D2}.Debug|Win32.Build.0 = Debug|Win32
		{409FA7C8-021F-4EDA-A0B6-123F32FCA8D2}.Debug|x64.ActiveCfg = Debug|x64
		{409FA7C8-021F-4EDA-A0B6-123F32FCA8D2}.Debug|x64.Build.0 = Debug|x64
		{409FA7C8-021F-4EDA-A0B6-123F32FCA8D2}.Release|Win32.ActiveCfg = Release|Win32
		{409FA7C8-021F-4EDA-A0B6-123F32FCA8D2}.Release|Win32.Build.0 = Release|Win32
		{409FA7C8-021F-4EDA-A0B6-123F32FCA8D2}.Release|x64.ActiveCfg = Release|x64
		{409FA7C8-021F-4EDA-A0B6-123F32FCA8D2}.Release|x64.Build.0 = Release|x64
		{4969101E-034D-4EF2-8403-F63B8D4FC851}.Debug|Win32.ActiveCfg = Debug|Win32
		{4969101E-034D-4EF2-8403-F63B8D4FC851}.Debug|Win32.Build.0 = Debug|Win32
		{4969101E-034D-4EF2-8403-F63B8D4FC851}.Debug|x64.ActiveCfg = Debug|x64
		{4969101E-034D-4EF2-8403-F63B8D4FC851}.Debug|x64.Build.0 = Debug|x64
		{4969101E-034D-4EF2-8403-F63B8D4FC851}.Release|Win32.ActiveCfg = Release|Win32
		{4969101E-034D-4EF2-8403-F63B8D4FC851}.Release|Win32.Build.0 = Release|Win32
		{4969101E-034D-4EF2-8403-F63B8D4FC851}.Release|x64.ActiveCfg = Release|x64
		{4969101E-034D-4EF2-8403-F63B8D4FC851}.Release|x64.Build.0 = Release|x64
	EndGlobalSection
	GlobalSection(SolutionProperties) = preSolution
		HideSolutionNode = FALSE
	EndGlobalSection
EndGlobal
